
Microsoft Visual Studio Solution File, Format Version 12.00
# Visual Studio 15
VisualStudioVersion = 15.0.28307.902
MinimumVisualStudioVersion = 10.0.40219.1
Project("{8BC9CEB8-8B4A-11D0-8D11-00A0C91BC942}") = "小区物业管理系统", "小区物业管理系统\小区物业管理系统.vcxproj", "{CA788B9C-3BB4-49C9-A9A4-4704131DBA62}"
EndProject
Global
	GlobalSection(SolutionConfigurationPlatforms) = preSolution
		Debug|x64 = Debug|x64
		Debug|x86 = Debug|x86
		Release|x64 = Release|x64
		Release|x86 = Release|x86
	EndGlobalSection
	GlobalSection(ProjectConfigurationPlatforms) = postSolution
		{CA788B9C-3BB4-49C9-A9A4-4704131DBA62}.Debug|x64.ActiveCfg = Debug|x64
		{CA788B9C-3BB4-49C9-A9A4-4704131DBA62}.Debug|x64.Build.0 = Debug|x64
		{CA788B9C-3BB4-49C9-A9A4-4704131DBA62}.Debug|x86.ActiveCfg = Debug|Win32
		{CA788B9C-3BB4-49C9-A9A4-4704131DBA62}.Debug|x86.Build.0 = Debug|Win32
		{CA788B9C-3BB4-49C9-A9A4-4704131DBA62}.Release|x64.ActiveCfg = Release|x64
		{CA788B9C-3BB4-49C9-A9A4-4704131DBA62}.Release|x64.Build.0 = Release|x64
		{CA788B9C-3BB4-49C9-A9A4-4704131DBA62}.Release|x86.ActiveCfg = Release|Win32
		{CA788B9C-3BB4-49C9-A9A4-4704131DBA62}.Release|x86.Build.0 = Release|Win32
	EndGlobalSection
	GlobalSection(SolutionProperties) = preSolution
		HideSolutionNode = FALSE
	EndGlobalSection
	GlobalSection(ExtensibilityGlobals) = postSolution
		SolutionGuid = {1BD6E2CE-DC57-4CE8-A283-155D6DDBB3ED}
	EndGlobalSection
EndGlobal
