
Microsoft Visual Studio Solution File, Format Version 12.00
# Visual Studio 15
VisualStudioVersion = 15.0.28307.902
MinimumVisualStudioVersion = 10.0.40219.1
Project("{8BC9CEB8-8B4A-11D0-8D11-00A0C91BC942}") = "递增三元组的一般解法", "递增三元组的一般解法\递增三元组的一般解法.vcxproj", "{86D6007E-A29F-40D2-93BE-8A531AE417C2}"
EndProject
Global
	GlobalSection(SolutionConfigurationPlatforms) = preSolution
		Debug|x64 = Debug|x64
		Debug|x86 = Debug|x86
		Release|x64 = Release|x64
		Release|x86 = Release|x86
	EndGlobalSection
	GlobalSection(ProjectConfigurationPlatforms) = postSolution
		{86D6007E-A29F-40D2-93BE-8A531AE417C2}.Debug|x64.ActiveCfg = Debug|x64
		{86D6007E-A29F-40D2-93BE-8A531AE417C2}.Debug|x64.Build.0 = Debug|x64
		{86D6007E-A29F-40D2-93BE-8A531AE417C2}.Debug|x86.ActiveCfg = Debug|Win32
		{86D6007E-A29F-40D2-93BE-8A531AE417C2}.Debug|x86.Build.0 = Debug|Win32
		{86D6007E-A29F-40D2-93BE-8A531AE417C2}.Release|x64.ActiveCfg = Release|x64
		{86D6007E-A29F-40D2-93BE-8A531AE417C2}.Release|x64.Build.0 = Release|x64
		{86D6007E-A29F-40D2-93BE-8A531AE417C2}.Release|x86.ActiveCfg = Release|Win32
		{86D6007E-A29F-40D2-93BE-8A531AE417C2}.Release|x86.Build.0 = Release|Win32
	EndGlobalSection
	GlobalSection(SolutionProperties) = preSolution
		HideSolutionNode = FALSE
	EndGlobalSection
	GlobalSection(ExtensibilityGlobals) = postSolution
		SolutionGuid = {EE37C4FF-748A-4773-AE76-A1F5328FFD74}
	EndGlobalSection
EndGlobal
