
Microsoft Visual Studio Solution File, Format Version 12.00
# Visual Studio 15
VisualStudioVersion = 15.0.28307.902
MinimumVisualStudioVersion = 10.0.40219.1
Project("{8BC9CEB8-8B4A-11D0-8D11-00A0C91BC942}") = "24点", "24点\24点.vcxproj", "{8EE0BCB8-451B-4547-A67D-002309632B0F}"
EndProject
Global
	GlobalSection(SolutionConfigurationPlatforms) = preSolution
		Debug|x64 = Debug|x64
		Debug|x86 = Debug|x86
		Release|x64 = Release|x64
		Release|x86 = Release|x86
	EndGlobalSection
	GlobalSection(ProjectConfigurationPlatforms) = postSolution
		{8EE0BCB8-451B-4547-A67D-002309632B0F}.Debug|x64.ActiveCfg = Debug|x64
		{8EE0BCB8-451B-4547-A67D-002309632B0F}.Debug|x64.Build.0 = Debug|x64
		{8EE0BCB8-451B-4547-A67D-002309632B0F}.Debug|x86.ActiveCfg = Debug|Win32
		{8EE0BCB8-451B-4547-A67D-002309632B0F}.Debug|x86.Build.0 = Debug|Win32
		{8EE0BCB8-451B-4547-A67D-002309632B0F}.Release|x64.ActiveCfg = Release|x64
		{8EE0BCB8-451B-4547-A67D-002309632B0F}.Release|x64.Build.0 = Release|x64
		{8EE0BCB8-451B-4547-A67D-002309632B0F}.Release|x86.ActiveCfg = Release|Win32
		{8EE0BCB8-451B-4547-A67D-002309632B0F}.Release|x86.Build.0 = Release|Win32
	EndGlobalSection
	GlobalSection(SolutionProperties) = preSolution
		HideSolutionNode = FALSE
	EndGlobalSection
	GlobalSection(ExtensibilityGlobals) = postSolution
		SolutionGuid = {5D43AC26-8B08-4BF3-9AB5-01950B247A5E}
	EndGlobalSection
EndGlobal
