
Microsoft Visual Studio Solution File, Format Version 12.00
# Visual Studio 15
VisualStudioVersion = 15.0.28307.902
MinimumVisualStudioVersion = 10.0.40219.1
Project("{8BC9CEB8-8B4A-11D0-8D11-00A0C91BC942}") = "数字三角形的记忆递归型动态规划程序", "数字三角形的记忆递归型动态规划程序\数字三角形的记忆递归型动态规划程序.vcxproj", "{338651E3-23B8-48A1-B5D1-5AB45EA3C028}"
EndProject
Global
	GlobalSection(SolutionConfigurationPlatforms) = preSolution
		Debug|x64 = Debug|x64
		Debug|x86 = Debug|x86
		Release|x64 = Release|x64
		Release|x86 = Release|x86
	EndGlobalSection
	GlobalSection(ProjectConfigurationPlatforms) = postSolution
		{338651E3-23B8-48A1-B5D1-5AB45EA3C028}.Debug|x64.ActiveCfg = Debug|x64
		{338651E3-23B8-48A1-B5D1-5AB45EA3C028}.Debug|x64.Build.0 = Debug|x64
		{338651E3-23B8-48A1-B5D1-5AB45EA3C028}.Debug|x86.ActiveCfg = Debug|Win32
		{338651E3-23B8-48A1-B5D1-5AB45EA3C028}.Debug|x86.Build.0 = Debug|Win32
		{338651E3-23B8-48A1-B5D1-5AB45EA3C028}.Release|x64.ActiveCfg = Release|x64
		{338651E3-23B8-48A1-B5D1-5AB45EA3C028}.Release|x64.Build.0 = Release|x64
		{338651E3-23B8-48A1-B5D1-5AB45EA3C028}.Release|x86.ActiveCfg = Release|Win32
		{338651E3-23B8-48A1-B5D1-5AB45EA3C028}.Release|x86.Build.0 = Release|Win32
	EndGlobalSection
	GlobalSection(SolutionProperties) = preSolution
		HideSolutionNode = FALSE
	EndGlobalSection
	GlobalSection(ExtensibilityGlobals) = postSolution
		SolutionGuid = {B3DE442F-FA83-4BBD-A484-E4EE3C0AE82B}
	EndGlobalSection
EndGlobal
